// !$*UTF8*$!
{
	archiveVersion = 1;
	classes = {
	};
	objectVersion = 48;
	objects = {

/* Begin PBXBuildFile section */
		1F2C2651EAE82ED4697EC3A4 /* Pods_SwiftComp.framework in Frameworks */ = {isa = PBXBuildFile; fileRef = 31CA374FBAF54E007B6EB890 /* Pods_SwiftComp.framework */; };
		9904AFED1FA779310018FD55 /* MaterialTypeModel.swift in Sources */ = {isa = PBXBuildFile; fileRef = 9904AFEC1FA779310018FD55 /* MaterialTypeModel.swift */; };
		9904AFEF1FA8FF430018FD55 /* ResultCardDesign.swift in Sources */ = {isa = PBXBuildFile; fileRef = 9904AFEE1FA8FF430018FD55 /* ResultCardDesign.swift */; };
		9904AFF11FA8FFA50018FD55 /* MaterialCardDesign.swift in Sources */ = {isa = PBXBuildFile; fileRef = 9904AFF01FA8FFA50018FD55 /* MaterialCardDesign.swift */; };
		9904AFF31FA9001A0018FD55 /* ButtonDesign.swift in Sources */ = {isa = PBXBuildFile; fileRef = 9904AFF21FA9001A0018FD55 /* ButtonDesign.swift */; };
		9904AFF51FA900690018FD55 /* KeyboardDesign.swift in Sources */ = {isa = PBXBuildFile; fileRef = 9904AFF41FA900690018FD55 /* KeyboardDesign.swift */; };
		9904AFF71FAB888A0018FD55 /* ViewCardDesign.swift in Sources */ = {isa = PBXBuildFile; fileRef = 9904AFF61FAB888A0018FD55 /* ViewCardDesign.swift */; };
		9904DEE82313B5A2005E4C14 /* SwiftCompCalculationStatusModel.swift in Sources */ = {isa = PBXBuildFile; fileRef = 9904DEE72313B5A2005E4C14 /* SwiftCompCalculationStatusModel.swift */; };
		9904DEEA23140C8B005E4C14 /* ResultCardTypeModel.swift in Sources */ = {isa = PBXBuildFile; fileRef = 9904DEE923140C8B005E4C14 /* ResultCardTypeModel.swift */; };
		9904DEEE2317A36D005E4C14 /* SwiftCompCalculationInfo.swift in Sources */ = {isa = PBXBuildFile; fileRef = 9904DEED2317A36D005E4C14 /* SwiftCompCalculationInfo.swift */; };
		990F76C41F85BFCF0073E459 /* AppDelegate.swift in Sources */ = {isa = PBXBuildFile; fileRef = 990F76C31F85BFCF0073E459 /* AppDelegate.swift */; };
		990F76CB1F85BFCF0073E459 /* Assets.xcassets in Resources */ = {isa = PBXBuildFile; fileRef = 990F76CA1F85BFCF0073E459 /* Assets.xcassets */; };
		990F76CE1F85BFCF0073E459 /* LaunchScreen.storyboard in Resources */ = {isa = PBXBuildFile; fileRef = 990F76CC1F85BFCF0073E459 /* LaunchScreen.storyboard */; };
		990F76D61F85C0280073E459 /* CompositeModelController.swift in Sources */ = {isa = PBXBuildFile; fileRef = 990F76D51F85C0280073E459 /* CompositeModelController.swift */; };
		99112DDE230E3C9C0064C306 /* HelpController.swift in Sources */ = {isa = PBXBuildFile; fileRef = 99112DDD230E3C9C0064C306 /* HelpController.swift */; };
		99112DE0230E54A90064C306 /* AboutController.swift in Sources */ = {isa = PBXBuildFile; fileRef = 99112DDF230E54A90064C306 /* AboutController.swift */; };
		9920DBF82231A76E00AB303E /* StackingSequenceDataBase.swift in Sources */ = {isa = PBXBuildFile; fileRef = 9920DBF72231A76E00AB303E /* StackingSequenceDataBase.swift */; };
		9920DBFA2231AD9900AB303E /* UserSavedStackingSequenceCell.swift in Sources */ = {isa = PBXBuildFile; fileRef = 9920DBF92231AD9900AB303E /* UserSavedStackingSequenceCell.swift */; };
		9920DC0122358EE400AB303E /* CircleTransitionDesign.swift in Sources */ = {isa = PBXBuildFile; fileRef = 9920DC0022358EE400AB303E /* CircleTransitionDesign.swift */; };
		992285851FAEAF64004C1E34 /* LaminaMaterialDataBase.swift in Sources */ = {isa = PBXBuildFile; fileRef = 992285841FAEAF64004C1E34 /* LaminaMaterialDataBase.swift */; };
		992285871FAEB1F2004C1E34 /* UserSavedMaterialCell.swift in Sources */ = {isa = PBXBuildFile; fileRef = 992285861FAEB1F2004C1E34 /* UserSavedMaterialCell.swift */; };
		992285891FAF5C93004C1E34 /* FiberMaterialDataBase.swift in Sources */ = {isa = PBXBuildFile; fileRef = 992285881FAF5C93004C1E34 /* FiberMaterialDataBase.swift */; };
		9922858B1FAF5EAD004C1E34 /* MatrixMaterialDataBase.swift in Sources */ = {isa = PBXBuildFile; fileRef = 9922858A1FAF5EAD004C1E34 /* MatrixMaterialDataBase.swift */; };
		9929959523212BAA00925595 /* NetworkManager.swift in Sources */ = {isa = PBXBuildFile; fileRef = 9929959423212BAA00925595 /* NetworkManager.swift */; };
		993B8183230C36F1001AE3CF /* Utilities.swift in Sources */ = {isa = PBXBuildFile; fileRef = 993B8182230C36F1001AE3CF /* Utilities.swift */; };
		993B8185230D7EE4001AE3CF /* ExplainModel.swift in Sources */ = {isa = PBXBuildFile; fileRef = 993B8184230D7EE4001AE3CF /* ExplainModel.swift */; };
		9945CF861FA565C7002F2F30 /* HomogenizationResult.swift in Sources */ = {isa = PBXBuildFile; fileRef = 9945CF851FA565C7002F2F30 /* HomogenizationResult.swift */; };
		9945CF8D1FA67AF0002F2F30 /* CompositeModelCell.swift in Sources */ = {isa = PBXBuildFile; fileRef = 9945CF8C1FA67AF0002F2F30 /* CompositeModelCell.swift */; };
		99531902224B122C002923C5 /* ExplainBoxDesign.swift in Sources */ = {isa = PBXBuildFile; fileRef = 99531901224B122B002923C5 /* ExplainBoxDesign.swift */; };
		99531905224B2179002923C5 /* UserDataModel.xcdatamodeld in Sources */ = {isa = PBXBuildFile; fileRef = 99531903224B2179002923C5 /* UserDataModel.xcdatamodeld */; };
		99755A0A23439D9F001CFE75 /* GeneralController.swift in Sources */ = {isa = PBXBuildFile; fileRef = 99755A0923439D9F001CFE75 /* GeneralController.swift */; };
		99755A0C2343A0E6001CFE75 /* General.swift in Sources */ = {isa = PBXBuildFile; fileRef = 99755A0B2343A0E6001CFE75 /* General.swift */; };
		99755A0E2343A589001CFE75 /* GeneralCell.swift in Sources */ = {isa = PBXBuildFile; fileRef = 99755A0D2343A589001CFE75 /* GeneralCell.swift */; };
		99755A112344D2A9001CFE75 /* SCTabBarController.swift in Sources */ = {isa = PBXBuildFile; fileRef = 99755A102344D2A9001CFE75 /* SCTabBarController.swift */; };
		99755A1523463E6D001CFE75 /* ColorScheme.swift in Sources */ = {isa = PBXBuildFile; fileRef = 99755A1423463E6D001CFE75 /* ColorScheme.swift */; };
		9979DABA237C5EF300F93D72 /* CompositeModelHeaderCell.swift in Sources */ = {isa = PBXBuildFile; fileRef = 9979DAB9237C5EF300F93D72 /* CompositeModelHeaderCell.swift */; };
		99811D5F237854640071711B /* Constant.swift in Sources */ = {isa = PBXBuildFile; fileRef = 99811D5E237854640071711B /* Constant.swift */; };
		99811D622379B3CE0071711B /* SCNavigationController.swift in Sources */ = {isa = PBXBuildFile; fileRef = 99811D612379B3CE0071711B /* SCNavigationController.swift */; };
		99811D642379B4860071711B /* SCSplitViewController.swift in Sources */ = {isa = PBXBuildFile; fileRef = 99811D632379B4860071711B /* SCSplitViewController.swift */; };
		99811D66237B01000071711B /* SCCalculateButton.swift in Sources */ = {isa = PBXBuildFile; fileRef = 99811D65237B01000071711B /* SCCalculateButton.swift */; };
		998FB89C2328C083008885EB /* CoreDataManager.swift in Sources */ = {isa = PBXBuildFile; fileRef = 998FB89B2328C083008885EB /* CoreDataManager.swift */; };
		9994A27A23128AF100A99F6B /* SwiftCompResultModel.swift in Sources */ = {isa = PBXBuildFile; fileRef = 9994A27923128AF100A99F6B /* SwiftCompResultModel.swift */; };
		999DCF6A2333714600EA8AE0 /* HoneycombSandwichController.swift in Sources */ = {isa = PBXBuildFile; fileRef = 999DCF692333714600EA8AE0 /* HoneycombSandwichController.swift */; };
		999DCF6C233381E800EA8AE0 /* CoreMaterialDataBase.swift in Sources */ = {isa = PBXBuildFile; fileRef = 999DCF6B233381E800EA8AE0 /* CoreMaterialDataBase.swift */; };
		999DCF712333ABAB00EA8AE0 /* ErrorHandle.swift in Sources */ = {isa = PBXBuildFile; fileRef = 999DCF702333ABAB00EA8AE0 /* ErrorHandle.swift */; };
		99B508C51F86872200B6BC47 /* MaterialDataModel.swift in Sources */ = {isa = PBXBuildFile; fileRef = 99B508C41F86872200B6BC47 /* MaterialDataModel.swift */; };
		99C5BF7F1F9CD54E00D87360 /* CompositeModel.swift in Sources */ = {isa = PBXBuildFile; fileRef = 99C5BF7E1F9CD54E00D87360 /* CompositeModel.swift */; };
		99F0EE13232C7AAC00F84CA4 /* SwiftCompTemplate.swift in Sources */ = {isa = PBXBuildFile; fileRef = 99F0EE12232C7AAC00F84CA4 /* SwiftCompTemplate.swift */; };
		99F0EE15232C88DF00F84CA4 /* LaminateController.swift in Sources */ = {isa = PBXBuildFile; fileRef = 99F0EE14232C88DF00F84CA4 /* LaminateController.swift */; };
		99F0EE17232D240200F84CA4 /* UDFRCController.swift in Sources */ = {isa = PBXBuildFile; fileRef = 99F0EE16232D240200F84CA4 /* UDFRCController.swift */; };
		99FB919A2317FAF000FA1373 /* ResultDataModel.swift in Sources */ = {isa = PBXBuildFile; fileRef = 99FB91992317FAF000FA1373 /* ResultDataModel.swift */; };
		99FB919C2318083300FA1373 /* AnalysisSettingsModel.swift in Sources */ = {isa = PBXBuildFile; fileRef = 99FB919B2318083300FA1373 /* AnalysisSettingsModel.swift */; };
		99FB919E23189BC400FA1373 /* TheoryController.swift in Sources */ = {isa = PBXBuildFile; fileRef = 99FB919D23189BC400FA1373 /* TheoryController.swift */; };
		99FB91A02318BE3900FA1373 /* UserManualController.swift in Sources */ = {isa = PBXBuildFile; fileRef = 99FB919F2318BE3900FA1373 /* UserManualController.swift */; };
		99FB91A32318BE9700FA1373 /* SwiftComp User Manual.pdf in Resources */ = {isa = PBXBuildFile; fileRef = 99FB91A22318BE9700FA1373 /* SwiftComp User Manual.pdf */; };
		99FB91A7231CCA4C00FA1373 /* Config.swift in Sources */ = {isa = PBXBuildFile; fileRef = 99FB91A6231CCA4C00FA1373 /* Config.swift */; };
/* End PBXBuildFile section */

/* Begin PBXFileReference section */
		31CA374FBAF54E007B6EB890 /* Pods_SwiftComp.framework */ = {isa = PBXFileReference; explicitFileType = wrapper.framework; includeInIndex = 0; path = Pods_SwiftComp.framework; sourceTree = BUILT_PRODUCTS_DIR; };
		43369F08A2C405549337343C /* Pods-SwiftComp.release.xcconfig */ = {isa = PBXFileReference; includeInIndex = 1; lastKnownFileType = text.xcconfig; name = "Pods-SwiftComp.release.xcconfig"; path = "Pods/Target Support Files/Pods-SwiftComp/Pods-SwiftComp.release.xcconfig"; sourceTree = "<group>"; };
		68D855F1C93B8FD1019EE5E5 /* Pods-SwiftComp.debug.xcconfig */ = {isa = PBXFileReference; includeInIndex = 1; lastKnownFileType = text.xcconfig; name = "Pods-SwiftComp.debug.xcconfig"; path = "Pods/Target Support Files/Pods-SwiftComp/Pods-SwiftComp.debug.xcconfig"; sourceTree = "<group>"; };
		9904AFEC1FA779310018FD55 /* MaterialTypeModel.swift */ = {isa = PBXFileReference; lastKnownFileType = sourcecode.swift; path = MaterialTypeModel.swift; sourceTree = "<group>"; };
		9904AFEE1FA8FF430018FD55 /* ResultCardDesign.swift */ = {isa = PBXFileReference; lastKnownFileType = sourcecode.swift; path = ResultCardDesign.swift; sourceTree = "<group>"; };
		9904AFF01FA8FFA50018FD55 /* MaterialCardDesign.swift */ = {isa = PBXFileReference; lastKnownFileType = sourcecode.swift; path = MaterialCardDesign.swift; sourceTree = "<group>"; };
		9904AFF21FA9001A0018FD55 /* ButtonDesign.swift */ = {isa = PBXFileReference; lastKnownFileType = sourcecode.swift; path = ButtonDesign.swift; sourceTree = "<group>"; };
		9904AFF41FA900690018FD55 /* KeyboardDesign.swift */ = {isa = PBXFileReference; lastKnownFileType = sourcecode.swift; path = KeyboardDesign.swift; sourceTree = "<group>"; };
		9904AFF61FAB888A0018FD55 /* ViewCardDesign.swift */ = {isa = PBXFileReference; lastKnownFileType = sourcecode.swift; path = ViewCardDesign.swift; sourceTree = "<group>"; };
		9904DEE72313B5A2005E4C14 /* SwiftCompCalculationStatusModel.swift */ = {isa = PBXFileReference; lastKnownFileType = sourcecode.swift; path = SwiftCompCalculationStatusModel.swift; sourceTree = "<group>"; };
		9904DEE923140C8B005E4C14 /* ResultCardTypeModel.swift */ = {isa = PBXFileReference; lastKnownFileType = sourcecode.swift; path = ResultCardTypeModel.swift; sourceTree = "<group>"; };
		9904DEED2317A36D005E4C14 /* SwiftCompCalculationInfo.swift */ = {isa = PBXFileReference; lastKnownFileType = sourcecode.swift; path = SwiftCompCalculationInfo.swift; sourceTree = "<group>"; };
		990F76C01F85BFCF0073E459 /* SwiftComp.app */ = {isa = PBXFileReference; explicitFileType = wrapper.application; includeInIndex = 0; path = SwiftComp.app; sourceTree = BUILT_PRODUCTS_DIR; };
		990F76C31F85BFCF0073E459 /* AppDelegate.swift */ = {isa = PBXFileReference; lastKnownFileType = sourcecode.swift; path = AppDelegate.swift; sourceTree = "<group>"; };
		990F76CA1F85BFCF0073E459 /* Assets.xcassets */ = {isa = PBXFileReference; lastKnownFileType = folder.assetcatalog; path = Assets.xcassets; sourceTree = "<group>"; };
		990F76CD1F85BFCF0073E459 /* Base */ = {isa = PBXFileReference; lastKnownFileType = file.storyboard; name = Base; path = Base.lproj/LaunchScreen.storyboard; sourceTree = "<group>"; };
		990F76CF1F85BFCF0073E459 /* Info.plist */ = {isa = PBXFileReference; lastKnownFileType = text.plist.xml; path = Info.plist; sourceTree = "<group>"; };
		990F76D51F85C0280073E459 /* CompositeModelController.swift */ = {isa = PBXFileReference; lastKnownFileType = sourcecode.swift; path = CompositeModelController.swift; sourceTree = "<group>"; };
		99112DDD230E3C9C0064C306 /* HelpController.swift */ = {isa = PBXFileReference; lastKnownFileType = sourcecode.swift; path = HelpController.swift; sourceTree = "<group>"; };
		99112DDF230E54A90064C306 /* AboutController.swift */ = {isa = PBXFileReference; lastKnownFileType = sourcecode.swift; path = AboutController.swift; sourceTree = "<group>"; };
		9920DBF72231A76E00AB303E /* StackingSequenceDataBase.swift */ = {isa = PBXFileReference; lastKnownFileType = sourcecode.swift; path = StackingSequenceDataBase.swift; sourceTree = "<group>"; };
		9920DBF92231AD9900AB303E /* UserSavedStackingSequenceCell.swift */ = {isa = PBXFileReference; lastKnownFileType = sourcecode.swift; path = UserSavedStackingSequenceCell.swift; sourceTree = "<group>"; };
		9920DC0022358EE400AB303E /* CircleTransitionDesign.swift */ = {isa = PBXFileReference; lastKnownFileType = sourcecode.swift; path = CircleTransitionDesign.swift; sourceTree = "<group>"; };
		992285841FAEAF64004C1E34 /* LaminaMaterialDataBase.swift */ = {isa = PBXFileReference; lastKnownFileType = sourcecode.swift; path = LaminaMaterialDataBase.swift; sourceTree = "<group>"; };
		992285861FAEB1F2004C1E34 /* UserSavedMaterialCell.swift */ = {isa = PBXFileReference; lastKnownFileType = sourcecode.swift; path = UserSavedMaterialCell.swift; sourceTree = "<group>"; };
		992285881FAF5C93004C1E34 /* FiberMaterialDataBase.swift */ = {isa = PBXFileReference; lastKnownFileType = sourcecode.swift; path = FiberMaterialDataBase.swift; sourceTree = "<group>"; };
		9922858A1FAF5EAD004C1E34 /* MatrixMaterialDataBase.swift */ = {isa = PBXFileReference; lastKnownFileType = sourcecode.swift; path = MatrixMaterialDataBase.swift; sourceTree = "<group>"; };
		9929959423212BAA00925595 /* NetworkManager.swift */ = {isa = PBXFileReference; lastKnownFileType = sourcecode.swift; path = NetworkManager.swift; sourceTree = "<group>"; };
		993B8182230C36F1001AE3CF /* Utilities.swift */ = {isa = PBXFileReference; lastKnownFileType = sourcecode.swift; path = Utilities.swift; sourceTree = "<group>"; };
		993B8184230D7EE4001AE3CF /* ExplainModel.swift */ = {isa = PBXFileReference; lastKnownFileType = sourcecode.swift; path = ExplainModel.swift; sourceTree = "<group>"; };
		9945CF851FA565C7002F2F30 /* HomogenizationResult.swift */ = {isa = PBXFileReference; lastKnownFileType = sourcecode.swift; path = HomogenizationResult.swift; sourceTree = "<group>"; };
		9945CF8C1FA67AF0002F2F30 /* CompositeModelCell.swift */ = {isa = PBXFileReference; fileEncoding = 4; lastKnownFileType = sourcecode.swift; path = CompositeModelCell.swift; sourceTree = "<group>"; };
		99531901224B122B002923C5 /* ExplainBoxDesign.swift */ = {isa = PBXFileReference; lastKnownFileType = sourcecode.swift; path = ExplainBoxDesign.swift; sourceTree = "<group>"; };
		99531904224B2179002923C5 /* UserDataModel.xcdatamodel */ = {isa = PBXFileReference; lastKnownFileType = wrapper.xcdatamodel; path = UserDataModel.xcdatamodel; sourceTree = "<group>"; };
		99755A0923439D9F001CFE75 /* GeneralController.swift */ = {isa = PBXFileReference; lastKnownFileType = sourcecode.swift; path = GeneralController.swift; sourceTree = "<group>"; };
		99755A0B2343A0E6001CFE75 /* General.swift */ = {isa = PBXFileReference; lastKnownFileType = sourcecode.swift; path = General.swift; sourceTree = "<group>"; };
		99755A0D2343A589001CFE75 /* GeneralCell.swift */ = {isa = PBXFileReference; lastKnownFileType = sourcecode.swift; path = GeneralCell.swift; sourceTree = "<group>"; };
		99755A102344D2A9001CFE75 /* SCTabBarController.swift */ = {isa = PBXFileReference; lastKnownFileType = sourcecode.swift; path = SCTabBarController.swift; sourceTree = "<group>"; };
		99755A1423463E6D001CFE75 /* ColorScheme.swift */ = {isa = PBXFileReference; lastKnownFileType = sourcecode.swift; path = ColorScheme.swift; sourceTree = "<group>"; };
		9979DAB9237C5EF300F93D72 /* CompositeModelHeaderCell.swift */ = {isa = PBXFileReference; lastKnownFileType = sourcecode.swift; path = CompositeModelHeaderCell.swift; sourceTree = "<group>"; };
		99811D5E237854640071711B /* Constant.swift */ = {isa = PBXFileReference; lastKnownFileType = sourcecode.swift; path = Constant.swift; sourceTree = "<group>"; };
		99811D612379B3CE0071711B /* SCNavigationController.swift */ = {isa = PBXFileReference; lastKnownFileType = sourcecode.swift; path = SCNavigationController.swift; sourceTree = "<group>"; };
		99811D632379B4860071711B /* SCSplitViewController.swift */ = {isa = PBXFileReference; lastKnownFileType = sourcecode.swift; path = SCSplitViewController.swift; sourceTree = "<group>"; };
		99811D65237B01000071711B /* SCCalculateButton.swift */ = {isa = PBXFileReference; lastKnownFileType = sourcecode.swift; path = SCCalculateButton.swift; sourceTree = "<group>"; };
		9989604B2369DD5D00D941FF /* SwiftComp.entitlements */ = {isa = PBXFileReference; lastKnownFileType = text.plist.entitlements; path = SwiftComp.entitlements; sourceTree = "<group>"; };
		998FB89B2328C083008885EB /* CoreDataManager.swift */ = {isa = PBXFileReference; lastKnownFileType = sourcecode.swift; path = CoreDataManager.swift; sourceTree = "<group>"; };
		9994A27923128AF100A99F6B /* SwiftCompResultModel.swift */ = {isa = PBXFileReference; lastKnownFileType = sourcecode.swift; path = SwiftCompResultModel.swift; sourceTree = "<group>"; };
		999DCF692333714600EA8AE0 /* HoneycombSandwichController.swift */ = {isa = PBXFileReference; lastKnownFileType = sourcecode.swift; path = HoneycombSandwichController.swift; sourceTree = "<group>"; };
		999DCF6B233381E800EA8AE0 /* CoreMaterialDataBase.swift */ = {isa = PBXFileReference; lastKnownFileType = sourcecode.swift; path = CoreMaterialDataBase.swift; sourceTree = "<group>"; };
		999DCF702333ABAB00EA8AE0 /* ErrorHandle.swift */ = {isa = PBXFileReference; lastKnownFileType = sourcecode.swift; path = ErrorHandle.swift; sourceTree = "<group>"; };
		99B508C41F86872200B6BC47 /* MaterialDataModel.swift */ = {isa = PBXFileReference; lastKnownFileType = sourcecode.swift; path = MaterialDataModel.swift; sourceTree = "<group>"; };
		99C5BF7E1F9CD54E00D87360 /* CompositeModel.swift */ = {isa = PBXFileReference; lastKnownFileType = sourcecode.swift; path = CompositeModel.swift; sourceTree = "<group>"; };
		99F0EE12232C7AAC00F84CA4 /* SwiftCompTemplate.swift */ = {isa = PBXFileReference; lastKnownFileType = sourcecode.swift; path = SwiftCompTemplate.swift; sourceTree = "<group>"; };
		99F0EE14232C88DF00F84CA4 /* LaminateController.swift */ = {isa = PBXFileReference; lastKnownFileType = sourcecode.swift; path = LaminateController.swift; sourceTree = "<group>"; };
		99F0EE16232D240200F84CA4 /* UDFRCController.swift */ = {isa = PBXFileReference; lastKnownFileType = sourcecode.swift; path = UDFRCController.swift; sourceTree = "<group>"; };
		99FB91992317FAF000FA1373 /* ResultDataModel.swift */ = {isa = PBXFileReference; lastKnownFileType = sourcecode.swift; path = ResultDataModel.swift; sourceTree = "<group>"; };
		99FB919B2318083300FA1373 /* AnalysisSettingsModel.swift */ = {isa = PBXFileReference; lastKnownFileType = sourcecode.swift; path = AnalysisSettingsModel.swift; sourceTree = "<group>"; };
		99FB919D23189BC400FA1373 /* TheoryController.swift */ = {isa = PBXFileReference; lastKnownFileType = sourcecode.swift; path = TheoryController.swift; sourceTree = "<group>"; };
		99FB919F2318BE3900FA1373 /* UserManualController.swift */ = {isa = PBXFileReference; lastKnownFileType = sourcecode.swift; path = UserManualController.swift; sourceTree = "<group>"; };
		99FB91A22318BE9700FA1373 /* SwiftComp User Manual.pdf */ = {isa = PBXFileReference; lastKnownFileType = image.pdf; name = "SwiftComp User Manual.pdf"; path = "../Doc/SwiftComp User Manual.pdf"; sourceTree = "<group>"; };
		99FB91A6231CCA4C00FA1373 /* Config.swift */ = {isa = PBXFileReference; lastKnownFileType = sourcecode.swift; path = Config.swift; sourceTree = "<group>"; };
/* End PBXFileReference section */

/* Begin PBXFrameworksBuildPhase section */
		990F76BD1F85BFCF0073E459 /* Frameworks */ = {
			isa = PBXFrameworksBuildPhase;
			buildActionMask = 2147483647;
			files = (
				1F2C2651EAE82ED4697EC3A4 /* Pods_SwiftComp.framework in Frameworks */,
			);
			runOnlyForDeploymentPostprocessing = 0;
		};
/* End PBXFrameworksBuildPhase section */

/* Begin PBXGroup section */
		04CBB433DA1C3036B1452EBE /* Pods */ = {
			isa = PBXGroup;
			children = (
				68D855F1C93B8FD1019EE5E5 /* Pods-SwiftComp.debug.xcconfig */,
				43369F08A2C405549337343C /* Pods-SwiftComp.release.xcconfig */,
			);
			name = Pods;
			sourceTree = "<group>";
		};
		990F76B71F85BFCF0073E459 = {
			isa = PBXGroup;
			children = (
				990F76C21F85BFCF0073E459 /* SwiftComp */,
				990F76C11F85BFCF0073E459 /* Products */,
				04CBB433DA1C3036B1452EBE /* Pods */,
				D89B077CC58375267E780BBC /* Frameworks */,
			);
			sourceTree = "<group>";
		};
		990F76C11F85BFCF0073E459 /* Products */ = {
			isa = PBXGroup;
			children = (
				990F76C01F85BFCF0073E459 /* SwiftComp.app */,
			);
			name = Products;
			sourceTree = "<group>";
		};
		990F76C21F85BFCF0073E459 /* SwiftComp */ = {
			isa = PBXGroup;
			children = (
				9989604B2369DD5D00D941FF /* SwiftComp.entitlements */,
				990F76C31F85BFCF0073E459 /* AppDelegate.swift */,
				99FB91A6231CCA4C00FA1373 /* Config.swift */,
				99811D5E237854640071711B /* Constant.swift */,
				99811D60237855A10071711B /* SCBaseKitModule */,
				99811D55237831950071711B /* CompositeModels */,
				99811D59237835400071711B /* General */,
				99811D5B237837480071711B /* Utilites */,
				99811D5A2378364B0071711B /* Supporting */,
			);
			path = SwiftComp;
			sourceTree = "<group>";
		};
		99755A122344F656001CFE75 /* Design */ = {
			isa = PBXGroup;
			children = (
				9904AFF61FAB888A0018FD55 /* ViewCardDesign.swift */,
				9904AFEE1FA8FF430018FD55 /* ResultCardDesign.swift */,
				9904AFF01FA8FFA50018FD55 /* MaterialCardDesign.swift */,
				9904AFF21FA9001A0018FD55 /* ButtonDesign.swift */,
				9904AFF41FA900690018FD55 /* KeyboardDesign.swift */,
				9920DC0022358EE400AB303E /* CircleTransitionDesign.swift */,
				99531901224B122B002923C5 /* ExplainBoxDesign.swift */,
			);
			path = Design;
			sourceTree = "<group>";
		};
		99811D55237831950071711B /* CompositeModels */ = {
			isa = PBXGroup;
			children = (
				9986553F1F867FCE0004876A /* Model */,
				99C5BF7E1F9CD54E00D87360 /* CompositeModel.swift */,
				9979DAB9237C5EF300F93D72 /* CompositeModelHeaderCell.swift */,
				9945CF8C1FA67AF0002F2F30 /* CompositeModelCell.swift */,
				990F76D51F85C0280073E459 /* CompositeModelController.swift */,
				99F0EE12232C7AAC00F84CA4 /* SwiftCompTemplate.swift */,
				9945CF851FA565C7002F2F30 /* HomogenizationResult.swift */,
				9904DEED2317A36D005E4C14 /* SwiftCompCalculationInfo.swift */,
				99811D562378331D0071711B /* Laminate */,
				99811D57237833380071711B /* UDFRC */,
				99811D58237833C50071711B /* HoneycombSandwich */,
				999DCF6D2333823900EA8AE0 /* DataBase */,
			);
			path = CompositeModels;
			sourceTree = "<group>";
		};
		99811D562378331D0071711B /* Laminate */ = {
			isa = PBXGroup;
			children = (
				99F0EE14232C88DF00F84CA4 /* LaminateController.swift */,
			);
			path = Laminate;
			sourceTree = "<group>";
		};
		99811D57237833380071711B /* UDFRC */ = {
			isa = PBXGroup;
			children = (
				99F0EE16232D240200F84CA4 /* UDFRCController.swift */,
			);
			path = UDFRC;
			sourceTree = "<group>";
		};
		99811D58237833C50071711B /* HoneycombSandwich */ = {
			isa = PBXGroup;
			children = (
				999DCF692333714600EA8AE0 /* HoneycombSandwichController.swift */,
			);
			path = HoneycombSandwich;
			sourceTree = "<group>";
		};
		99811D59237835400071711B /* General */ = {
			isa = PBXGroup;
			children = (
				99755A0B2343A0E6001CFE75 /* General.swift */,
				99755A0D2343A589001CFE75 /* GeneralCell.swift */,
				99755A0923439D9F001CFE75 /* GeneralController.swift */,
				99112DDF230E54A90064C306 /* AboutController.swift */,
				99FB919D23189BC400FA1373 /* TheoryController.swift */,
				99112DDD230E3C9C0064C306 /* HelpController.swift */,
				99FB919F2318BE3900FA1373 /* UserManualController.swift */,
				99FB91A22318BE9700FA1373 /* SwiftComp User Manual.pdf */,
			);
			path = General;
			sourceTree = "<group>";
		};
		99811D5A2378364B0071711B /* Supporting */ = {
			isa = PBXGroup;
			children = (
				990F76CA1F85BFCF0073E459 /* Assets.xcassets */,
				990F76CC1F85BFCF0073E459 /* LaunchScreen.storyboard */,
				990F76CF1F85BFCF0073E459 /* Info.plist */,
				99531903224B2179002923C5 /* UserDataModel.xcdatamodeld */,
			);
			path = Supporting;
			sourceTree = "<group>";
		};
		99811D5B237837480071711B /* Utilites */ = {
			isa = PBXGroup;
			children = (
				993B8182230C36F1001AE3CF /* Utilities.swift */,
				999DCF702333ABAB00EA8AE0 /* ErrorHandle.swift */,
				9929959423212BAA00925595 /* NetworkManager.swift */,
				998FB89B2328C083008885EB /* CoreDataManager.swift */,
				99755A1423463E6D001CFE75 /* ColorScheme.swift */,
				99755A122344F656001CFE75 /* Design */,
			);
			path = Utilites;
			sourceTree = "<group>";
		};
		99811D60237855A10071711B /* SCBaseKitModule */ = {
			isa = PBXGroup;
			children = (
				99755A102344D2A9001CFE75 /* SCTabBarController.swift */,
				99811D612379B3CE0071711B /* SCNavigationController.swift */,
				99811D632379B4860071711B /* SCSplitViewController.swift */,
				99811D65237B01000071711B /* SCCalculateButton.swift */,
			);
			path = SCBaseKitModule;
			sourceTree = "<group>";
		};
		9986553F1F867FCE0004876A /* Model */ = {
			isa = PBXGroup;
			children = (
				99FB919B2318083300FA1373 /* AnalysisSettingsModel.swift */,
				99B508C41F86872200B6BC47 /* MaterialDataModel.swift */,
				9904AFEC1FA779310018FD55 /* MaterialTypeModel.swift */,
				993B8184230D7EE4001AE3CF /* ExplainModel.swift */,
				9904DEE72313B5A2005E4C14 /* SwiftCompCalculationStatusModel.swift */,
				9904DEE923140C8B005E4C14 /* ResultCardTypeModel.swift */,
				9994A27923128AF100A99F6B /* SwiftCompResultModel.swift */,
				99FB91992317FAF000FA1373 /* ResultDataModel.swift */,
			);
			path = Model;
			sourceTree = "<group>";
		};
		999DCF6D2333823900EA8AE0 /* DataBase */ = {
			isa = PBXGroup;
			children = (
				992285861FAEB1F2004C1E34 /* UserSavedMaterialCell.swift */,
				9920DBF92231AD9900AB303E /* UserSavedStackingSequenceCell.swift */,
				9920DBF72231A76E00AB303E /* StackingSequenceDataBase.swift */,
				992285841FAEAF64004C1E34 /* LaminaMaterialDataBase.swift */,
				992285881FAF5C93004C1E34 /* FiberMaterialDataBase.swift */,
				9922858A1FAF5EAD004C1E34 /* MatrixMaterialDataBase.swift */,
				999DCF6B233381E800EA8AE0 /* CoreMaterialDataBase.swift */,
			);
			path = DataBase;
			sourceTree = "<group>";
		};
		D89B077CC58375267E780BBC /* Frameworks */ = {
			isa = PBXGroup;
			children = (
				31CA374FBAF54E007B6EB890 /* Pods_SwiftComp.framework */,
			);
			name = Frameworks;
			sourceTree = "<group>";
		};
/* End PBXGroup section */

/* Begin PBXNativeTarget section */
		990F76BF1F85BFCF0073E459 /* SwiftComp */ = {
			isa = PBXNativeTarget;
			buildConfigurationList = 990F76D21F85BFCF0073E459 /* Build configuration list for PBXNativeTarget "SwiftComp" */;
			buildPhases = (
				CD2BEB88AC5D3AA1811F77F2 /* [CP] Check Pods Manifest.lock */,
				990F76BC1F85BFCF0073E459 /* Sources */,
				990F76BD1F85BFCF0073E459 /* Frameworks */,
				990F76BE1F85BFCF0073E459 /* Resources */,
				349706331E24C70D56B1C300 /* [CP] Embed Pods Frameworks */,
			);
			buildRules = (
			);
			dependencies = (
			);
			name = SwiftComp;
			productName = SwiftComp;
			productReference = 990F76C01F85BFCF0073E459 /* SwiftComp.app */;
			productType = "com.apple.product-type.application";
		};
/* End PBXNativeTarget section */

/* Begin PBXProject section */
		990F76B81F85BFCF0073E459 /* Project object */ = {
			isa = PBXProject;
			attributes = {
				LastSwiftUpdateCheck = 0900;
				LastUpgradeCheck = 0940;
				ORGANIZATIONNAME = "Banghua Zhao";
				TargetAttributes = {
					990F76BF1F85BFCF0073E459 = {
						CreatedOnToolsVersion = 9.0;
						LastSwiftMigration = 1020;
						ProvisioningStyle = Automatic;
					};
				};
			};
			buildConfigurationList = 990F76BB1F85BFCF0073E459 /* Build configuration list for PBXProject "SwiftComp" */;
			compatibilityVersion = "Xcode 8.0";
			developmentRegion = en;
			hasScannedForEncodings = 0;
			knownRegions = (
				en,
				Base,
			);
			mainGroup = 990F76B71F85BFCF0073E459;
			productRefGroup = 990F76C11F85BFCF0073E459 /* Products */;
			projectDirPath = "";
			projectRoot = "";
			targets = (
				990F76BF1F85BFCF0073E459 /* SwiftComp */,
			);
		};
/* End PBXProject section */

/* Begin PBXResourcesBuildPhase section */
		990F76BE1F85BFCF0073E459 /* Resources */ = {
			isa = PBXResourcesBuildPhase;
			buildActionMask = 2147483647;
			files = (
				99FB91A32318BE9700FA1373 /* SwiftComp User Manual.pdf in Resources */,
				990F76CE1F85BFCF0073E459 /* LaunchScreen.storyboard in Resources */,
				990F76CB1F85BFCF0073E459 /* Assets.xcassets in Resources */,
			);
			runOnlyForDeploymentPostprocessing = 0;
		};
/* End PBXResourcesBuildPhase section */

/* Begin PBXShellScriptBuildPhase section */
		349706331E24C70D56B1C300 /* [CP] Embed Pods Frameworks */ = {
			isa = PBXShellScriptBuildPhase;
			buildActionMask = 2147483647;
			files = (
			);
			inputPaths = (
				"${PODS_ROOT}/Target Support Files/Pods-SwiftComp/Pods-SwiftComp-frameworks.sh",
				"${BUILT_PRODUCTS_DIR}/IQKeyboardManager/IQKeyboardManager.framework",
				"${BUILT_PRODUCTS_DIR}/JGProgressHUD/JGProgressHUD.framework",
				"${BUILT_PRODUCTS_DIR}/ReachabilitySwift/Reachability.framework",
				"${BUILT_PRODUCTS_DIR}/SnapKit/SnapKit.framework",
			);
			name = "[CP] Embed Pods Frameworks";
			outputPaths = (
				"${TARGET_BUILD_DIR}/${FRAMEWORKS_FOLDER_PATH}/IQKeyboardManager.framework",
				"${TARGET_BUILD_DIR}/${FRAMEWORKS_FOLDER_PATH}/JGProgressHUD.framework",
				"${TARGET_BUILD_DIR}/${FRAMEWORKS_FOLDER_PATH}/Reachability.framework",
				"${TARGET_BUILD_DIR}/${FRAMEWORKS_FOLDER_PATH}/SnapKit.framework",
			);
			runOnlyForDeploymentPostprocessing = 0;
			shellPath = /bin/sh;
			shellScript = "\"${PODS_ROOT}/Target Support Files/Pods-SwiftComp/Pods-SwiftComp-frameworks.sh\"\n";
			showEnvVarsInLog = 0;
		};
		CD2BEB88AC5D3AA1811F77F2 /* [CP] Check Pods Manifest.lock */ = {
			isa = PBXShellScriptBuildPhase;
			buildActionMask = 2147483647;
			files = (
			);
			inputFileListPaths = (
			);
			inputPaths = (
				"${PODS_PODFILE_DIR_PATH}/Podfile.lock",
				"${PODS_ROOT}/Manifest.lock",
			);
			name = "[CP] Check Pods Manifest.lock";
			outputFileListPaths = (
			);
			outputPaths = (
				"$(DERIVED_FILE_DIR)/Pods-SwiftComp-checkManifestLockResult.txt",
			);
			runOnlyForDeploymentPostprocessing = 0;
			shellPath = /bin/sh;
			shellScript = "diff \"${PODS_PODFILE_DIR_PATH}/Podfile.lock\" \"${PODS_ROOT}/Manifest.lock\" > /dev/null\nif [ $? != 0 ] ; then\n    # print error to STDERR\n    echo \"error: The sandbox is not in sync with the Podfile.lock. Run 'pod install' or update your CocoaPods installation.\" >&2\n    exit 1\nfi\n# This output is used by Xcode 'outputs' to avoid re-running this script phase.\necho \"SUCCESS\" > \"${SCRIPT_OUTPUT_FILE_0}\"\n";
			showEnvVarsInLog = 0;
		};
/* End PBXShellScriptBuildPhase section */

/* Begin PBXSourcesBuildPhase section */
		990F76BC1F85BFCF0073E459 /* Sources */ = {
			isa = PBXSourcesBuildPhase;
			buildActionMask = 2147483647;
			files = (
				9945CF8D1FA67AF0002F2F30 /* CompositeModelCell.swift in Sources */,
				9904AFEF1FA8FF430018FD55 /* ResultCardDesign.swift in Sources */,
				99755A1523463E6D001CFE75 /* ColorScheme.swift in Sources */,
				99FB919A2317FAF000FA1373 /* ResultDataModel.swift in Sources */,
				99755A0C2343A0E6001CFE75 /* General.swift in Sources */,
				9979DABA237C5EF300F93D72 /* CompositeModelHeaderCell.swift in Sources */,
				990F76D61F85C0280073E459 /* CompositeModelController.swift in Sources */,
				9994A27A23128AF100A99F6B /* SwiftCompResultModel.swift in Sources */,
				9920DBF82231A76E00AB303E /* StackingSequenceDataBase.swift in Sources */,
				99755A0E2343A589001CFE75 /* GeneralCell.swift in Sources */,
				992285891FAF5C93004C1E34 /* FiberMaterialDataBase.swift in Sources */,
				999DCF6A2333714600EA8AE0 /* HoneycombSandwichController.swift in Sources */,
				9904AFF31FA9001A0018FD55 /* ButtonDesign.swift in Sources */,
				99FB919C2318083300FA1373 /* AnalysisSettingsModel.swift in Sources */,
				99112DE0230E54A90064C306 /* AboutController.swift in Sources */,
				99C5BF7F1F9CD54E00D87360 /* CompositeModel.swift in Sources */,
				999DCF712333ABAB00EA8AE0 /* ErrorHandle.swift in Sources */,
				9929959523212BAA00925595 /* NetworkManager.swift in Sources */,
				99531905224B2179002923C5 /* UserDataModel.xcdatamodeld in Sources */,
				99755A0A23439D9F001CFE75 /* GeneralController.swift in Sources */,
				992285871FAEB1F2004C1E34 /* UserSavedMaterialCell.swift in Sources */,
				99F0EE15232C88DF00F84CA4 /* LaminateController.swift in Sources */,
				990F76C41F85BFCF0073E459 /* AppDelegate.swift in Sources */,
				999DCF6C233381E800EA8AE0 /* CoreMaterialDataBase.swift in Sources */,
				9920DBFA2231AD9900AB303E /* UserSavedStackingSequenceCell.swift in Sources */,
				99FB919E23189BC400FA1373 /* TheoryController.swift in Sources */,
				9945CF861FA565C7002F2F30 /* HomogenizationResult.swift in Sources */,
				9904DEE82313B5A2005E4C14 /* SwiftCompCalculationStatusModel.swift in Sources */,
				99FB91A02318BE3900FA1373 /* UserManualController.swift in Sources */,
				99B508C51F86872200B6BC47 /* MaterialDataModel.swift in Sources */,
				998FB89C2328C083008885EB /* CoreDataManager.swift in Sources */,
				99811D66237B01000071711B /* SCCalculateButton.swift in Sources */,
				9904DEEA23140C8B005E4C14 /* ResultCardTypeModel.swift in Sources */,
				9904AFF11FA8FFA50018FD55 /* MaterialCardDesign.swift in Sources */,
				99FB91A7231CCA4C00FA1373 /* Config.swift in Sources */,
				99755A112344D2A9001CFE75 /* SCTabBarController.swift in Sources */,
				99F0EE13232C7AAC00F84CA4 /* SwiftCompTemplate.swift in Sources */,
				99811D5F237854640071711B /* Constant.swift in Sources */,
				99531902224B122C002923C5 /* ExplainBoxDesign.swift in Sources */,
				99112DDE230E3C9C0064C306 /* HelpController.swift in Sources */,
				9922858B1FAF5EAD004C1E34 /* MatrixMaterialDataBase.swift in Sources */,
				993B8185230D7EE4001AE3CF /* ExplainModel.swift in Sources */,
				99811D622379B3CE0071711B /* SCNavigationController.swift in Sources */,
				9920DC0122358EE400AB303E /* CircleTransitionDesign.swift in Sources */,
				992285851FAEAF64004C1E34 /* LaminaMaterialDataBase.swift in Sources */,
				993B8183230C36F1001AE3CF /* Utilities.swift in Sources */,
				9904AFED1FA779310018FD55 /* MaterialTypeModel.swift in Sources */,
				99811D642379B4860071711B /* SCSplitViewController.swift in Sources */,
				9904DEEE2317A36D005E4C14 /* SwiftCompCalculationInfo.swift in Sources */,
				99F0EE17232D240200F84CA4 /* UDFRCController.swift in Sources */,
				9904AFF71FAB888A0018FD55 /* ViewCardDesign.swift in Sources */,
				9904AFF51FA900690018FD55 /* KeyboardDesign.swift in Sources */,
			);
			runOnlyForDeploymentPostprocessing = 0;
		};
/* End PBXSourcesBuildPhase section */

/* Begin PBXVariantGroup section */
		990F76CC1F85BFCF0073E459 /* LaunchScreen.storyboard */ = {
			isa = PBXVariantGroup;
			children = (
				990F76CD1F85BFCF0073E459 /* Base */,
			);
			name = LaunchScreen.storyboard;
			sourceTree = "<group>";
		};
/* End PBXVariantGroup section */

/* Begin XCBuildConfiguration section */
		990F76D01F85BFCF0073E459 /* Debug */ = {
			isa = XCBuildConfiguration;
			buildSettings = {
				ALWAYS_SEARCH_USER_PATHS = NO;
				CLANG_ANALYZER_NONNULL = YES;
				CLANG_ANALYZER_NUMBER_OBJECT_CONVERSION = YES_AGGRESSIVE;
				CLANG_CXX_LANGUAGE_STANDARD = "gnu++14";
				CLANG_CXX_LIBRARY = "libc++";
				CLANG_ENABLE_MODULES = YES;
				CLANG_ENABLE_OBJC_ARC = YES;
				CLANG_WARN_BLOCK_CAPTURE_AUTORELEASING = YES;
				CLANG_WARN_BOOL_CONVERSION = YES;
				CLANG_WARN_COMMA = YES;
				CLANG_WARN_CONSTANT_CONVERSION = YES;
				CLANG_WARN_DEPRECATED_OBJC_IMPLEMENTATIONS = YES;
				CLANG_WARN_DIRECT_OBJC_ISA_USAGE = YES_ERROR;
				CLANG_WARN_DOCUMENTATION_COMMENTS = YES;
				CLANG_WARN_EMPTY_BODY = YES;
				CLANG_WARN_ENUM_CONVERSION = YES;
				CLANG_WARN_INFINITE_RECURSION = YES;
				CLANG_WARN_INT_CONVERSION = YES;
				CLANG_WARN_NON_LITERAL_NULL_CONVERSION = YES;
				CLANG_WARN_OBJC_IMPLICIT_RETAIN_SELF = YES;
				CLANG_WARN_OBJC_LITERAL_CONVERSION = YES;
				CLANG_WARN_OBJC_ROOT_CLASS = YES_ERROR;
				CLANG_WARN_RANGE_LOOP_ANALYSIS = YES;
				CLANG_WARN_STRICT_PROTOTYPES = YES;
				CLANG_WARN_SUSPICIOUS_MOVE = YES;
				CLANG_WARN_UNGUARDED_AVAILABILITY = YES_AGGRESSIVE;
				CLANG_WARN_UNREACHABLE_CODE = YES;
				CLANG_WARN__DUPLICATE_METHOD_MATCH = YES;
				CODE_SIGN_IDENTITY = "iPhone Developer";
				COPY_PHASE_STRIP = NO;
				DEBUG_INFORMATION_FORMAT = dwarf;
				ENABLE_STRICT_OBJC_MSGSEND = YES;
				ENABLE_TESTABILITY = YES;
				GCC_C_LANGUAGE_STANDARD = gnu11;
				GCC_DYNAMIC_NO_PIC = NO;
				GCC_NO_COMMON_BLOCKS = YES;
				GCC_OPTIMIZATION_LEVEL = 0;
				GCC_PREPROCESSOR_DEFINITIONS = (
					"DEBUG=1",
					"$(inherited)",
				);
				GCC_WARN_64_TO_32_BIT_CONVERSION = YES;
				GCC_WARN_ABOUT_RETURN_TYPE = YES_ERROR;
				GCC_WARN_UNDECLARED_SELECTOR = YES;
				GCC_WARN_UNINITIALIZED_AUTOS = YES_AGGRESSIVE;
				GCC_WARN_UNUSED_FUNCTION = YES;
				GCC_WARN_UNUSED_VARIABLE = YES;
				IPHONEOS_DEPLOYMENT_TARGET = 11.0;
				MTL_ENABLE_DEBUG_INFO = YES;
				ONLY_ACTIVE_ARCH = YES;
				SDKROOT = iphoneos;
				SWIFT_ACTIVE_COMPILATION_CONDITIONS = DEBUG;
				SWIFT_OPTIMIZATION_LEVEL = "-Onone";
			};
			name = Debug;
		};
		990F76D11F85BFCF0073E459 /* Release */ = {
			isa = XCBuildConfiguration;
			buildSettings = {
				ALWAYS_SEARCH_USER_PATHS = NO;
				CLANG_ANALYZER_NONNULL = YES;
				CLANG_ANALYZER_NUMBER_OBJECT_CONVERSION = YES_AGGRESSIVE;
				CLANG_CXX_LANGUAGE_STANDARD = "gnu++14";
				CLANG_CXX_LIBRARY = "libc++";
				CLANG_ENABLE_MODULES = YES;
				CLANG_ENABLE_OBJC_ARC = YES;
				CLANG_WARN_BLOCK_CAPTURE_AUTORELEASING = YES;
				CLANG_WARN_BOOL_CONVERSION = YES;
				CLANG_WARN_COMMA = YES;
				CLANG_WARN_CONSTANT_CONVERSION = YES;
				CLANG_WARN_DEPRECATED_OBJC_IMPLEMENTATIONS = YES;
				CLANG_WARN_DIRECT_OBJC_ISA_USAGE = YES_ERROR;
				CLANG_WARN_DOCUMENTATION_COMMENTS = YES;
				CLANG_WARN_EMPTY_BODY = YES;
				CLANG_WARN_ENUM_CONVERSION = YES;
				CLANG_WARN_INFINITE_RECURSION = YES;
				CLANG_WARN_INT_CONVERSION = YES;
				CLANG_WARN_NON_LITERAL_NULL_CONVERSION = YES;
				CLANG_WARN_OBJC_IMPLICIT_RETAIN_SELF = YES;
				CLANG_WARN_OBJC_LITERAL_CONVERSION = YES;
				CLANG_WARN_OBJC_ROOT_CLASS = YES_ERROR;
				CLANG_WARN_RANGE_LOOP_ANALYSIS = YES;
				CLANG_WARN_STRICT_PROTOTYPES = YES;
				CLANG_WARN_SUSPICIOUS_MOVE = YES;
				CLANG_WARN_UNGUARDED_AVAILABILITY = YES_AGGRESSIVE;
				CLANG_WARN_UNREACHABLE_CODE = YES;
				CLANG_WARN__DUPLICATE_METHOD_MATCH = YES;
				CODE_SIGN_IDENTITY = "iPhone Developer";
				COPY_PHASE_STRIP = NO;
				DEBUG_INFORMATION_FORMAT = "dwarf-with-dsym";
				ENABLE_NS_ASSERTIONS = NO;
				ENABLE_STRICT_OBJC_MSGSEND = YES;
				GCC_C_LANGUAGE_STANDARD = gnu11;
				GCC_NO_COMMON_BLOCKS = YES;
				GCC_WARN_64_TO_32_BIT_CONVERSION = YES;
				GCC_WARN_ABOUT_RETURN_TYPE = YES_ERROR;
				GCC_WARN_UNDECLARED_SELECTOR = YES;
				GCC_WARN_UNINITIALIZED_AUTOS = YES_AGGRESSIVE;
				GCC_WARN_UNUSED_FUNCTION = YES;
				GCC_WARN_UNUSED_VARIABLE = YES;
				IPHONEOS_DEPLOYMENT_TARGET = 11.0;
				MTL_ENABLE_DEBUG_INFO = NO;
				SDKROOT = iphoneos;
				SWIFT_OPTIMIZATION_LEVEL = "-Owholemodule";
				VALIDATE_PRODUCT = YES;
			};
			name = Release;
		};
		990F76D31F85BFCF0073E459 /* Debug */ = {
			isa = XCBuildConfiguration;
			baseConfigurationReference = 68D855F1C93B8FD1019EE5E5 /* Pods-SwiftComp.debug.xcconfig */;
			buildSettings = {
				ASSETCATALOG_COMPILER_APPICON_NAME = AppIcon;
				CODE_SIGN_ENTITLEMENTS = SwiftComp/SwiftComp.entitlements;
				CODE_SIGN_STYLE = Automatic;
				CURRENT_PROJECT_VERSION = 1;
				DERIVE_MACCATALYST_PRODUCT_BUNDLE_IDENTIFIER = YES;
				DEVELOPMENT_TEAM = E6968P466E;
				INFOPLIST_FILE = "$(SRCROOT)/SwiftComp/Supporting/Info.plist";
				IPHONEOS_DEPLOYMENT_TARGET = 11.0;
				LD_RUNPATH_SEARCH_PATHS = "$(inherited) @executable_path/Frameworks";
				MARKETING_VERSION = 2.2;
				PRODUCT_BUNDLE_IDENTIFIER = com.cdmHUB.SwiftComp;
				PRODUCT_NAME = "$(TARGET_NAME)";
				SUPPORTS_MACCATALYST = YES;
				SWIFT_VERSION = 5.0;
				TARGETED_DEVICE_FAMILY = "1,2";
			};
			name = Debug;
		};
		990F76D41F85BFCF0073E459 /* Release */ = {
			isa = XCBuildConfiguration;
			baseConfigurationReference = 43369F08A2C405549337343C /* Pods-SwiftComp.release.xcconfig */;
			buildSettings = {
				ASSETCATALOG_COMPILER_APPICON_NAME = AppIcon;
				CODE_SIGN_ENTITLEMENTS = SwiftComp/SwiftComp.entitlements;
				CODE_SIGN_STYLE = Automatic;
				CURRENT_PROJECT_VERSION = 1;
				DERIVE_MACCATALYST_PRODUCT_BUNDLE_IDENTIFIER = YES;
				DEVELOPMENT_TEAM = E6968P466E;
				INFOPLIST_FILE = "$(SRCROOT)/SwiftComp/Supporting/Info.plist";
				IPHONEOS_DEPLOYMENT_TARGET = 11.0;
				LD_RUNPATH_SEARCH_PATHS = "$(inherited) @executable_path/Frameworks";
				MARKETING_VERSION = 2.2;
				PRODUCT_BUNDLE_IDENTIFIER = com.cdmHUB.SwiftComp;
				PRODUCT_NAME = "$(TARGET_NAME)";
				SUPPORTS_MACCATALYST = YES;
				SWIFT_VERSION = 5.0;
				TARGETED_DEVICE_FAMILY = "1,2";
			};
			name = Release;
		};
/* End XCBuildConfiguration section */

/* Begin XCConfigurationList section */
		990F76BB1F85BFCF0073E459 /* Build configuration list for PBXProject "SwiftComp" */ = {
			isa = XCConfigurationList;
			buildConfigurations = (
				990F76D01F85BFCF0073E459 /* Debug */,
				990F76D11F85BFCF0073E459 /* Release */,
			);
			defaultConfigurationIsVisible = 0;
			defaultConfigurationName = Release;
		};
		990F76D21F85BFCF0073E459 /* Build configuration list for PBXNativeTarget "SwiftComp" */ = {
			isa = XCConfigurationList;
			buildConfigurations = (
				990F76D31F85BFCF0073E459 /* Debug */,
				990F76D41F85BFCF0073E459 /* Release */,
			);
			defaultConfigurationIsVisible = 0;
			defaultConfigurationName = Release;
		};
/* End XCConfigurationList section */

/* Begin XCVersionGroup section */
		99531903224B2179002923C5 /* UserDataModel.xcdatamodeld */ = {
			isa = XCVersionGroup;
			children = (
				99531904224B2179002923C5 /* UserDataModel.xcdatamodel */,
			);
			currentVersion = 99531904224B2179002923C5 /* UserDataModel.xcdatamodel */;
			path = UserDataModel.xcdatamodeld;
			sourceTree = "<group>";
			versionGroupType = wrapper.xcdatamodel;
		};
/* End XCVersionGroup section */
	};
	rootObject = 990F76B81F85BFCF0073E459 /* Project object */;
}
